{
    "version": 3,
    "terraform_version": "0.11.11",
    "serial": 42,
    "lineage": "73dea3f5-56ee-8d11-818e-4977f300258f",
    "modules": [
        {
            "path": [
                "root"
            ],
            "outputs": {},
            "resources": {
                "azurerm_network_security_group.backend": {
                    "type": "azurerm_network_security_group",
                    "depends_on": [
                        "azurerm_resource_group.prod"
                    ],
                    "primary": {
                        "id": "/subscriptions/6cdbda82-9a3c-4ce7-b45d-c56734266a27/resourceGroups/SmotykaResourceGroup/providers/Microsoft.Network/networkSecurityGroups/backend_nsg",
                        "attributes": {
                            "id": "/subscriptions/6cdbda82-9a3c-4ce7-b45d-c56734266a27/resourceGroups/SmotykaResourceGroup/providers/Microsoft.Network/networkSecurityGroups/backend_nsg",
                            "location": "ukwest",
                            "name": "backend_nsg",
                            "resource_group_name": "SmotykaResourceGroup",
                            "security_rule.#": "1",
                            "security_rule.1729343364.access": "Allow",
                            "security_rule.1729343364.description": "",
                            "security_rule.1729343364.destination_address_prefix": "10.0.1.0/24",
                            "security_rule.1729343364.destination_address_prefixes.#": "0",
                            "security_rule.1729343364.destination_application_security_group_ids.#": "0",
                            "security_rule.1729343364.destination_port_range": "*",
                            "security_rule.1729343364.destination_port_ranges.#": "0",
                            "security_rule.1729343364.direction": "Inbound",
                            "security_rule.1729343364.name": "allow_frontend",
                            "security_rule.1729343364.priority": "101",
                            "security_rule.1729343364.protocol": "Tcp",
                            "security_rule.1729343364.source_address_prefix": "*",
                            "security_rule.1729343364.source_address_prefixes.#": "0",
                            "security_rule.1729343364.source_application_security_group_ids.#": "0",
                            "security_rule.1729343364.source_port_range": "*",
                            "security_rule.1729343364.source_port_ranges.#": "0",
                            "tags.%": "0"
                        },
                        "meta": {},
                        "tainted": false
                    },
                    "deposed": [],
                    "provider": "provider.azurerm"
                },
                "azurerm_network_security_group.db": {
                    "type": "azurerm_network_security_group",
                    "depends_on": [
                        "azurerm_resource_group.prod"
                    ],
                    "primary": {
                        "id": "/subscriptions/6cdbda82-9a3c-4ce7-b45d-c56734266a27/resourceGroups/SmotykaResourceGroup/providers/Microsoft.Network/networkSecurityGroups/db_nsg",
                        "attributes": {
                            "id": "/subscriptions/6cdbda82-9a3c-4ce7-b45d-c56734266a27/resourceGroups/SmotykaResourceGroup/providers/Microsoft.Network/networkSecurityGroups/db_nsg",
                            "location": "ukwest",
                            "name": "db_nsg",
                            "resource_group_name": "SmotykaResourceGroup",
                            "security_rule.#": "2",
                            "security_rule.3571019977.access": "Deny",
                            "security_rule.3571019977.description": "",
                            "security_rule.3571019977.destination_address_prefix": "Internet",
                            "security_rule.3571019977.destination_address_prefixes.#": "0",
                            "security_rule.3571019977.destination_application_security_group_ids.#": "0",
                            "security_rule.3571019977.destination_port_range": "*",
                            "security_rule.3571019977.destination_port_ranges.#": "0",
                            "security_rule.3571019977.direction": "Outbound",
                            "security_rule.3571019977.name": "disable_internet",
                            "security_rule.3571019977.priority": "101",
                            "security_rule.3571019977.protocol": "*",
                            "security_rule.3571019977.source_address_prefix": "*",
                            "security_rule.3571019977.source_address_prefixes.#": "0",
                            "security_rule.3571019977.source_application_security_group_ids.#": "0",
                            "security_rule.3571019977.source_port_range": "*",
                            "security_rule.3571019977.source_port_ranges.#": "0",
                            "security_rule.696023199.access": "Allow",
                            "security_rule.696023199.description": "",
                            "security_rule.696023199.destination_address_prefix": "10.0.2.0/24",
                            "security_rule.696023199.destination_address_prefixes.#": "0",
                            "security_rule.696023199.destination_application_security_group_ids.#": "0",
                            "security_rule.696023199.destination_port_range": "*",
                            "security_rule.696023199.destination_port_ranges.#": "0",
                            "security_rule.696023199.direction": "Inbound",
                            "security_rule.696023199.name": "allow_backend",
                            "security_rule.696023199.priority": "101",
                            "security_rule.696023199.protocol": "Tcp",
                            "security_rule.696023199.source_address_prefix": "*",
                            "security_rule.696023199.source_address_prefixes.#": "0",
                            "security_rule.696023199.source_application_security_group_ids.#": "0",
                            "security_rule.696023199.source_port_range": "*",
                            "security_rule.696023199.source_port_ranges.#": "0",
                            "tags.%": "0"
                        },
                        "meta": {},
                        "tainted": false
                    },
                    "deposed": [],
                    "provider": "provider.azurerm"
                },
                "azurerm_network_security_group.frontend": {
                    "type": "azurerm_network_security_group",
                    "depends_on": [
                        "azurerm_resource_group.prod"
                    ],
                    "primary": {
                        "id": "/subscriptions/6cdbda82-9a3c-4ce7-b45d-c56734266a27/resourceGroups/SmotykaResourceGroup/providers/Microsoft.Network/networkSecurityGroups/frontend_nsg",
                        "attributes": {
                            "id": "/subscriptions/6cdbda82-9a3c-4ce7-b45d-c56734266a27/resourceGroups/SmotykaResourceGroup/providers/Microsoft.Network/networkSecurityGroups/frontend_nsg",
                            "location": "ukwest",
                            "name": "frontend_nsg",
                            "resource_group_name": "SmotykaResourceGroup",
                            "security_rule.#": "1",
                            "security_rule.3684187885.access": "Allow",
                            "security_rule.3684187885.description": "",
                            "security_rule.3684187885.destination_address_prefix": "*",
                            "security_rule.3684187885.destination_address_prefixes.#": "0",
                            "security_rule.3684187885.destination_application_security_group_ids.#": "0",
                            "security_rule.3684187885.destination_port_range": "",
                            "security_rule.3684187885.destination_port_ranges.#": "2",
                            "security_rule.3684187885.destination_port_ranges.3308380389": "50",
                            "security_rule.3684187885.destination_port_ranges.3638101695": "443",
                            "security_rule.3684187885.direction": "Inbound",
                            "security_rule.3684187885.name": "internet",
                            "security_rule.3684187885.priority": "102",
                            "security_rule.3684187885.protocol": "Tcp",
                            "security_rule.3684187885.source_address_prefix": "*",
                            "security_rule.3684187885.source_address_prefixes.#": "0",
                            "security_rule.3684187885.source_application_security_group_ids.#": "0",
                            "security_rule.3684187885.source_port_range": "*",
                            "security_rule.3684187885.source_port_ranges.#": "0",
                            "tags.%": "0"
                        },
                        "meta": {},
                        "tainted": false
                    },
                    "deposed": [],
                    "provider": "provider.azurerm"
                },
                "azurerm_resource_group.prod": {
                    "type": "azurerm_resource_group",
                    "depends_on": [],
                    "primary": {
                        "id": "/subscriptions/6cdbda82-9a3c-4ce7-b45d-c56734266a27/resourceGroups/SmotykaResourceGroup",
                        "attributes": {
                            "id": "/subscriptions/6cdbda82-9a3c-4ce7-b45d-c56734266a27/resourceGroups/SmotykaResourceGroup",
                            "location": "ukwest",
                            "name": "SmotykaResourceGroup",
                            "tags.%": "0"
                        },
                        "meta": {},
                        "tainted": false
                    },
                    "deposed": [],
                    "provider": "provider.azurerm"
                },
                "azurerm_subnet.subnet1": {
                    "type": "azurerm_subnet",
                    "depends_on": [
                        "azurerm_resource_group.prod",
                        "azurerm_virtual_network.vnet"
                    ],
                    "primary": {
                        "id": "/subscriptions/6cdbda82-9a3c-4ce7-b45d-c56734266a27/resourceGroups/SmotykaResourceGroup/providers/Microsoft.Network/virtualNetworks/SmotykaResourceGroup_vnet/subnets/frontendsubnet",
                        "attributes": {
                            "address_prefix": "10.0.1.0/24",
                            "delegation.#": "0",
                            "id": "/subscriptions/6cdbda82-9a3c-4ce7-b45d-c56734266a27/resourceGroups/SmotykaResourceGroup/providers/Microsoft.Network/virtualNetworks/SmotykaResourceGroup_vnet/subnets/frontendsubnet",
                            "ip_configurations.#": "0",
                            "name": "frontendsubnet",
                            "network_security_group_id": "",
                            "resource_group_name": "SmotykaResourceGroup",
                            "route_table_id": "",
                            "service_endpoints.#": "0",
                            "virtual_network_name": "SmotykaResourceGroup_vnet"
                        },
                        "meta": {},
                        "tainted": false
                    },
                    "deposed": [],
                    "provider": "provider.azurerm"
                },
                "azurerm_subnet.subnet2": {
                    "type": "azurerm_subnet",
                    "depends_on": [
                        "azurerm_resource_group.prod",
                        "azurerm_virtual_network.vnet"
                    ],
                    "primary": {
                        "id": "/subscriptions/6cdbda82-9a3c-4ce7-b45d-c56734266a27/resourceGroups/SmotykaResourceGroup/providers/Microsoft.Network/virtualNetworks/SmotykaResourceGroup_vnet/subnets/backendsubnet",
                        "attributes": {
                            "address_prefix": "10.0.2.0/24",
                            "delegation.#": "0",
                            "id": "/subscriptions/6cdbda82-9a3c-4ce7-b45d-c56734266a27/resourceGroups/SmotykaResourceGroup/providers/Microsoft.Network/virtualNetworks/SmotykaResourceGroup_vnet/subnets/backendsubnet",
                            "ip_configurations.#": "0",
                            "name": "backendsubnet",
                            "network_security_group_id": "",
                            "resource_group_name": "SmotykaResourceGroup",
                            "route_table_id": "",
                            "service_endpoints.#": "0",
                            "virtual_network_name": "SmotykaResourceGroup_vnet"
                        },
                        "meta": {},
                        "tainted": false
                    },
                    "deposed": [],
                    "provider": "provider.azurerm"
                },
                "azurerm_subnet.subnet3": {
                    "type": "azurerm_subnet",
                    "depends_on": [
                        "azurerm_resource_group.prod",
                        "azurerm_virtual_network.vnet"
                    ],
                    "primary": {
                        "id": "/subscriptions/6cdbda82-9a3c-4ce7-b45d-c56734266a27/resourceGroups/SmotykaResourceGroup/providers/Microsoft.Network/virtualNetworks/SmotykaResourceGroup_vnet/subnets/dbsubnet",
                        "attributes": {
                            "address_prefix": "10.0.3.0/24",
                            "delegation.#": "0",
                            "id": "/subscriptions/6cdbda82-9a3c-4ce7-b45d-c56734266a27/resourceGroups/SmotykaResourceGroup/providers/Microsoft.Network/virtualNetworks/SmotykaResourceGroup_vnet/subnets/dbsubnet",
                            "ip_configurations.#": "0",
                            "name": "dbsubnet",
                            "network_security_group_id": "",
                            "resource_group_name": "SmotykaResourceGroup",
                            "route_table_id": "",
                            "service_endpoints.#": "0",
                            "virtual_network_name": "SmotykaResourceGroup_vnet"
                        },
                        "meta": {},
                        "tainted": false
                    },
                    "deposed": [],
                    "provider": "provider.azurerm"
                },
                "azurerm_subnet_network_security_group_association.backend": {
                    "type": "azurerm_subnet_network_security_group_association",
                    "depends_on": [
                        "azurerm_network_security_group.backend",
                        "azurerm_subnet.subnet2"
                    ],
                    "primary": {
                        "id": "/subscriptions/6cdbda82-9a3c-4ce7-b45d-c56734266a27/resourceGroups/SmotykaResourceGroup/providers/Microsoft.Network/virtualNetworks/SmotykaResourceGroup_vnet/subnets/backendsubnet",
                        "attributes": {
                            "id": "/subscriptions/6cdbda82-9a3c-4ce7-b45d-c56734266a27/resourceGroups/SmotykaResourceGroup/providers/Microsoft.Network/virtualNetworks/SmotykaResourceGroup_vnet/subnets/backendsubnet",
                            "network_security_group_id": "/subscriptions/6cdbda82-9a3c-4ce7-b45d-c56734266a27/resourceGroups/SmotykaResourceGroup/providers/Microsoft.Network/networkSecurityGroups/backend_nsg",
                            "subnet_id": "/subscriptions/6cdbda82-9a3c-4ce7-b45d-c56734266a27/resourceGroups/SmotykaResourceGroup/providers/Microsoft.Network/virtualNetworks/SmotykaResourceGroup_vnet/subnets/backendsubnet"
                        },
                        "meta": {},
                        "tainted": false
                    },
                    "deposed": [],
                    "provider": "provider.azurerm"
                },
                "azurerm_subnet_network_security_group_association.db": {
                    "type": "azurerm_subnet_network_security_group_association",
                    "depends_on": [
                        "azurerm_network_security_group.db",
                        "azurerm_subnet.subnet3"
                    ],
                    "primary": {
                        "id": "/subscriptions/6cdbda82-9a3c-4ce7-b45d-c56734266a27/resourceGroups/SmotykaResourceGroup/providers/Microsoft.Network/virtualNetworks/SmotykaResourceGroup_vnet/subnets/dbsubnet",
                        "attributes": {
                            "id": "/subscriptions/6cdbda82-9a3c-4ce7-b45d-c56734266a27/resourceGroups/SmotykaResourceGroup/providers/Microsoft.Network/virtualNetworks/SmotykaResourceGroup_vnet/subnets/dbsubnet",
                            "network_security_group_id": "/subscriptions/6cdbda82-9a3c-4ce7-b45d-c56734266a27/resourceGroups/SmotykaResourceGroup/providers/Microsoft.Network/networkSecurityGroups/db_nsg",
                            "subnet_id": "/subscriptions/6cdbda82-9a3c-4ce7-b45d-c56734266a27/resourceGroups/SmotykaResourceGroup/providers/Microsoft.Network/virtualNetworks/SmotykaResourceGroup_vnet/subnets/dbsubnet"
                        },
                        "meta": {},
                        "tainted": false
                    },
                    "deposed": [],
                    "provider": "provider.azurerm"
                },
                "azurerm_subnet_network_security_group_association.frontend": {
                    "type": "azurerm_subnet_network_security_group_association",
                    "depends_on": [
                        "azurerm_network_security_group.frontend",
                        "azurerm_subnet.subnet1"
                    ],
                    "primary": {
                        "id": "/subscriptions/6cdbda82-9a3c-4ce7-b45d-c56734266a27/resourceGroups/SmotykaResourceGroup/providers/Microsoft.Network/virtualNetworks/SmotykaResourceGroup_vnet/subnets/frontendsubnet",
                        "attributes": {
                            "id": "/subscriptions/6cdbda82-9a3c-4ce7-b45d-c56734266a27/resourceGroups/SmotykaResourceGroup/providers/Microsoft.Network/virtualNetworks/SmotykaResourceGroup_vnet/subnets/frontendsubnet",
                            "network_security_group_id": "/subscriptions/6cdbda82-9a3c-4ce7-b45d-c56734266a27/resourceGroups/SmotykaResourceGroup/providers/Microsoft.Network/networkSecurityGroups/frontend_nsg",
                            "subnet_id": "/subscriptions/6cdbda82-9a3c-4ce7-b45d-c56734266a27/resourceGroups/SmotykaResourceGroup/providers/Microsoft.Network/virtualNetworks/SmotykaResourceGroup_vnet/subnets/frontendsubnet"
                        },
                        "meta": {},
                        "tainted": false
                    },
                    "deposed": [],
                    "provider": "provider.azurerm"
                },
                "azurerm_virtual_network.vnet": {
                    "type": "azurerm_virtual_network",
                    "depends_on": [
                        "azurerm_resource_group.prod"
                    ],
                    "primary": {
                        "id": "/subscriptions/6cdbda82-9a3c-4ce7-b45d-c56734266a27/resourceGroups/SmotykaResourceGroup/providers/Microsoft.Network/virtualNetworks/SmotykaResourceGroup_vnet",
                        "attributes": {
                            "address_space.#": "1",
                            "address_space.0": "10.0.0.0/16",
                            "dns_servers.#": "0",
                            "id": "/subscriptions/6cdbda82-9a3c-4ce7-b45d-c56734266a27/resourceGroups/SmotykaResourceGroup/providers/Microsoft.Network/virtualNetworks/SmotykaResourceGroup_vnet",
                            "location": "ukwest",
                            "name": "SmotykaResourceGroup_vnet",
                            "resource_group_name": "SmotykaResourceGroup",
                            "subnet.#": "0",
                            "tags.%": "0"
                        },
                        "meta": {},
                        "tainted": false
                    },
                    "deposed": [],
                    "provider": "provider.azurerm"
                }
            },
            "depends_on": []
        }
    ]
}
