{
    "version": 3,
    "terraform_version": "0.11.11",
    "serial": 55,
    "lineage": "01c20188-abd5-3446-2ad1-bd45f2b1094f",
    "modules": [
        {
            "path": [
                "root"
            ],
            "outputs": {},
            "resources": {},
            "depends_on": []
        },
        {
            "path": [
                "root",
                "vault"
            ],
            "outputs": {
                "admin_password": {
                    "sensitive": false,
                    "type": "string",
                    "value": "2bc2e2b38489fb5aaA1!"
                }
            },
            "resources": {
                "random_id.server": {
                    "type": "random_id",
                    "depends_on": [],
                    "primary": {
                        "id": "K8Lis4SJ-1o",
                        "attributes": {
                            "b64": "K8Lis4SJ-1o",
                            "b64_std": "K8Lis4SJ+1o=",
                            "b64_url": "K8Lis4SJ-1o",
                            "byte_length": "8",
                            "dec": "3153331949763427162",
                            "hex": "2bc2e2b38489fb5a",
                            "id": "K8Lis4SJ-1o",
                            "keepers.%": "1",
                            "keepers.ami_id": "2"
                        },
                        "meta": {},
                        "tainted": false
                    },
                    "deposed": [],
                    "provider": "provider.random"
                }
            },
            "depends_on": []
        },
        {
            "path": [
                "root",
                "vm"
            ],
            "outputs": {
                "virtual_machine_id": {
                    "sensitive": false,
                    "type": "string",
                    "value": "/subscriptions/6cdbda82-9a3c-4ce7-b45d-c56734266a27/resourceGroups/smotyka-env1/providers/Microsoft.Compute/virtualMachines/smotyka-env1-vm"
                }
            },
            "resources": {},
            "depends_on": []
        },
        {
            "path": [
                "root",
                "vnet"
            ],
            "outputs": {},
            "resources": {},
            "depends_on": []
        }
    ]
}
