{
    "version": 3,
    "terraform_version": "0.11.11",
    "serial": 58,
    "lineage": "01c20188-abd5-3446-2ad1-bd45f2b1094f",
    "modules": [
        {
            "path": [
                "root"
            ],
            "outputs": {},
            "resources": {
                "azurerm_resource_group.prod": {
                    "type": "azurerm_resource_group",
                    "depends_on": [],
                    "primary": {
                        "id": "/subscriptions/6cdbda82-9a3c-4ce7-b45d-c56734266a27/resourceGroups/smotyka-env1",
                        "attributes": {
                            "id": "/subscriptions/6cdbda82-9a3c-4ce7-b45d-c56734266a27/resourceGroups/smotyka-env1",
                            "location": "westeurope",
                            "name": "smotyka-env1",
                            "tags.%": "0"
                        },
                        "meta": {},
                        "tainted": false
                    },
                    "deposed": [],
                    "provider": "provider.azurerm"
                }
            },
            "depends_on": []
        },
        {
            "path": [
                "root",
                "vault"
            ],
            "outputs": {
                "admin_password": {
                    "sensitive": false,
                    "type": "string",
                    "value": "2bc2e2b38489fb5aaA1!"
                }
            },
            "resources": {
                "azurerm_key_vault.prod": {
                    "type": "azurerm_key_vault",
                    "depends_on": [],
                    "primary": {
                        "id": "/subscriptions/6cdbda82-9a3c-4ce7-b45d-c56734266a27/resourceGroups/backupresource/providers/Microsoft.KeyVault/vaults/vm-vault-env1",
                        "attributes": {
                            "access_policy.#": "3",
                            "access_policy.0.application_id": "",
                            "access_policy.0.certificate_permissions.#": "0",
                            "access_policy.0.key_permissions.#": "2",
                            "access_policy.0.key_permissions.0": "create",
                            "access_policy.0.key_permissions.1": "get",
                            "access_policy.0.object_id": "cfb259ef-7d06-4f89-af69-0dd53d67f0b9",
                            "access_policy.0.secret_permissions.#": "4",
                            "access_policy.0.secret_permissions.0": "get",
                            "access_policy.0.secret_permissions.1": "list",
                            "access_policy.0.secret_permissions.2": "set",
                            "access_policy.0.secret_permissions.3": "delete",
                            "access_policy.0.tenant_id": "b3e5a293-6975-4239-9637-c963e8d90b7a",
                            "access_policy.1.application_id": "",
                            "access_policy.1.certificate_permissions.#": "0",
                            "access_policy.1.key_permissions.#": "2",
                            "access_policy.1.key_permissions.0": "create",
                            "access_policy.1.key_permissions.1": "get",
                            "access_policy.1.object_id": "c3e12a0e-3913-437b-ba75-dcec4bf7f803",
                            "access_policy.1.secret_permissions.#": "4",
                            "access_policy.1.secret_permissions.0": "get",
                            "access_policy.1.secret_permissions.1": "list",
                            "access_policy.1.secret_permissions.2": "set",
                            "access_policy.1.secret_permissions.3": "delete",
                            "access_policy.1.tenant_id": "b3e5a293-6975-4239-9637-c963e8d90b7a",
                            "access_policy.2.application_id": "",
                            "access_policy.2.certificate_permissions.#": "0",
                            "access_policy.2.key_permissions.#": "2",
                            "access_policy.2.key_permissions.0": "create",
                            "access_policy.2.key_permissions.1": "get",
                            "access_policy.2.object_id": "b5455a07-5db0-48da-93d3-83720b2580bd",
                            "access_policy.2.secret_permissions.#": "4",
                            "access_policy.2.secret_permissions.0": "get",
                            "access_policy.2.secret_permissions.1": "list",
                            "access_policy.2.secret_permissions.2": "set",
                            "access_policy.2.secret_permissions.3": "delete",
                            "access_policy.2.tenant_id": "b3e5a293-6975-4239-9637-c963e8d90b7a",
                            "enabled_for_deployment": "false",
                            "enabled_for_disk_encryption": "true",
                            "enabled_for_template_deployment": "false",
                            "id": "/subscriptions/6cdbda82-9a3c-4ce7-b45d-c56734266a27/resourceGroups/backupresource/providers/Microsoft.KeyVault/vaults/vm-vault-env1",
                            "location": "westeurope",
                            "name": "vm-vault-env1",
                            "network_acls.#": "0",
                            "resource_group_name": "backupresource",
                            "sku.#": "1",
                            "sku.0.name": "standard",
                            "tags.%": "0",
                            "tenant_id": "b3e5a293-6975-4239-9637-c963e8d90b7a",
                            "vault_uri": "https://vm-vault-env1.vault.azure.net/"
                        },
                        "meta": {
                            "schema_version": "1"
                        },
                        "tainted": false
                    },
                    "deposed": [],
                    "provider": "provider.azurerm"
                },
                "azurerm_key_vault_secret.prod": {
                    "type": "azurerm_key_vault_secret",
                    "depends_on": [
                        "azurerm_key_vault.prod",
                        "random_id.server"
                    ],
                    "primary": {
                        "id": "https://vm-vault-env1.vault.azure.net/secrets/env1-vm-secret/2925e470bf3d42dfa9b1c663bc06f6a9",
                        "attributes": {
                            "content_type": "",
                            "id": "https://vm-vault-env1.vault.azure.net/secrets/env1-vm-secret/2925e470bf3d42dfa9b1c663bc06f6a9",
                            "name": "env1-vm-secret",
                            "tags.%": "0",
                            "value": "2bc2e2b38489fb5aaA1!",
                            "vault_uri": "https://vm-vault-env1.vault.azure.net/",
                            "version": "2925e470bf3d42dfa9b1c663bc06f6a9"
                        },
                        "meta": {},
                        "tainted": false
                    },
                    "deposed": [],
                    "provider": "provider.azurerm"
                },
                "random_id.server": {
                    "type": "random_id",
                    "depends_on": [],
                    "primary": {
                        "id": "K8Lis4SJ-1o",
                        "attributes": {
                            "b64": "K8Lis4SJ-1o",
                            "b64_std": "K8Lis4SJ+1o=",
                            "b64_url": "K8Lis4SJ-1o",
                            "byte_length": "8",
                            "dec": "3153331949763427162",
                            "hex": "2bc2e2b38489fb5a",
                            "id": "K8Lis4SJ-1o",
                            "keepers.%": "1",
                            "keepers.ami_id": "2"
                        },
                        "meta": {},
                        "tainted": false
                    },
                    "deposed": [],
                    "provider": "provider.random"
                }
            },
            "depends_on": []
        },
        {
            "path": [
                "root",
                "vm"
            ],
            "outputs": {
                "virtual_machine_id": {
                    "sensitive": false,
                    "type": "string",
                    "value": "/subscriptions/6cdbda82-9a3c-4ce7-b45d-c56734266a27/resourceGroups/smotyka-env1/providers/Microsoft.Compute/virtualMachines/smotyka-env1-vm"
                }
            },
            "resources": {},
            "depends_on": []
        },
        {
            "path": [
                "root",
                "vnet"
            ],
            "outputs": {
                "backend_subnet_id": {
                    "sensitive": false,
                    "type": "string",
                    "value": "/subscriptions/6cdbda82-9a3c-4ce7-b45d-c56734266a27/resourceGroups/smotyka-env1/providers/Microsoft.Network/virtualNetworks/smotyka-env1_vnet/subnets/backendsubnet"
                },
                "db_subnet_id": {
                    "sensitive": false,
                    "type": "string",
                    "value": "/subscriptions/6cdbda82-9a3c-4ce7-b45d-c56734266a27/resourceGroups/smotyka-env1/providers/Microsoft.Network/virtualNetworks/smotyka-env1_vnet/subnets/dbsubnet"
                },
                "virtual_network_name": {
                    "sensitive": false,
                    "type": "string",
                    "value": "smotyka-env1_vnet"
                }
            },
            "resources": {},
            "depends_on": []
        }
    ]
}
