{
    "version": 3,
    "terraform_version": "0.11.11",
    "serial": 59,
    "lineage": "01c20188-abd5-3446-2ad1-bd45f2b1094f",
    "modules": [
        {
            "path": [
                "root"
            ],
            "outputs": {},
            "resources": {
                "azurerm_resource_group.prod": {
                    "type": "azurerm_resource_group",
                    "depends_on": [],
                    "primary": {
                        "id": "/subscriptions/6cdbda82-9a3c-4ce7-b45d-c56734266a27/resourceGroups/smotyka-env1",
                        "attributes": {
                            "id": "/subscriptions/6cdbda82-9a3c-4ce7-b45d-c56734266a27/resourceGroups/smotyka-env1",
                            "location": "westeurope",
                            "name": "smotyka-env1",
                            "tags.%": "0"
                        },
                        "meta": {},
                        "tainted": false
                    },
                    "deposed": [],
                    "provider": "provider.azurerm"
                }
            },
            "depends_on": []
        },
        {
            "path": [
                "root",
                "vault"
            ],
            "outputs": {
                "admin_password": {
                    "sensitive": false,
                    "type": "string",
                    "value": "2bc2e2b38489fb5aaA1!"
                }
            },
            "resources": {
                "azurerm_key_vault_secret.prod": {
                    "type": "azurerm_key_vault_secret",
                    "depends_on": [
                        "azurerm_key_vault.prod",
                        "random_id.server"
                    ],
                    "primary": {
                        "id": "https://vm-vault-env1.vault.azure.net/secrets/env1-vm-secret/2925e470bf3d42dfa9b1c663bc06f6a9",
                        "attributes": {
                            "content_type": "",
                            "id": "https://vm-vault-env1.vault.azure.net/secrets/env1-vm-secret/2925e470bf3d42dfa9b1c663bc06f6a9",
                            "name": "env1-vm-secret",
                            "tags.%": "0",
                            "value": "2bc2e2b38489fb5aaA1!",
                            "vault_uri": "https://vm-vault-env1.vault.azure.net/",
                            "version": "2925e470bf3d42dfa9b1c663bc06f6a9"
                        },
                        "meta": {},
                        "tainted": false
                    },
                    "deposed": [],
                    "provider": "provider.azurerm"
                },
                "random_id.server": {
                    "type": "random_id",
                    "depends_on": [],
                    "primary": {
                        "id": "K8Lis4SJ-1o",
                        "attributes": {
                            "b64": "K8Lis4SJ-1o",
                            "b64_std": "K8Lis4SJ+1o=",
                            "b64_url": "K8Lis4SJ-1o",
                            "byte_length": "8",
                            "dec": "3153331949763427162",
                            "hex": "2bc2e2b38489fb5a",
                            "id": "K8Lis4SJ-1o",
                            "keepers.%": "1",
                            "keepers.ami_id": "2"
                        },
                        "meta": {},
                        "tainted": false
                    },
                    "deposed": [],
                    "provider": "provider.random"
                }
            },
            "depends_on": []
        },
        {
            "path": [
                "root",
                "vm"
            ],
            "outputs": {
                "virtual_machine_id": {
                    "sensitive": false,
                    "type": "string",
                    "value": "/subscriptions/6cdbda82-9a3c-4ce7-b45d-c56734266a27/resourceGroups/smotyka-env1/providers/Microsoft.Compute/virtualMachines/smotyka-env1-vm"
                }
            },
            "resources": {},
            "depends_on": []
        },
        {
            "path": [
                "root",
                "vnet"
            ],
            "outputs": {
                "backend_subnet_id": {
                    "sensitive": false,
                    "type": "string",
                    "value": "/subscriptions/6cdbda82-9a3c-4ce7-b45d-c56734266a27/resourceGroups/smotyka-env1/providers/Microsoft.Network/virtualNetworks/smotyka-env1_vnet/subnets/backendsubnet"
                },
                "db_subnet_id": {
                    "sensitive": false,
                    "type": "string",
                    "value": "/subscriptions/6cdbda82-9a3c-4ce7-b45d-c56734266a27/resourceGroups/smotyka-env1/providers/Microsoft.Network/virtualNetworks/smotyka-env1_vnet/subnets/dbsubnet"
                },
                "virtual_network_name": {
                    "sensitive": false,
                    "type": "string",
                    "value": "smotyka-env1_vnet"
                }
            },
            "resources": {},
            "depends_on": []
        }
    ]
}
