{
    "version": 3,
    "terraform_version": "0.11.11",
    "serial": 11,
    "lineage": "d91ba60a-4daf-30b6-f24d-76503167b49a",
    "modules": [
        {
            "path": [
                "root"
            ],
            "outputs": {},
            "resources": {
                "azurerm_resource_group.prod": {
                    "type": "azurerm_resource_group",
                    "depends_on": [],
                    "primary": {
                        "id": "/subscriptions/6cdbda82-9a3c-4ce7-b45d-c56734266a27/resourceGroups/smotyka-env2",
                        "attributes": {
                            "id": "/subscriptions/6cdbda82-9a3c-4ce7-b45d-c56734266a27/resourceGroups/smotyka-env2",
                            "location": "westeurope",
                            "name": "smotyka-env2",
                            "tags.%": "0"
                        },
                        "meta": {},
                        "tainted": false
                    },
                    "deposed": [],
                    "provider": "provider.azurerm"
                }
            },
            "depends_on": []
        },
        {
            "path": [
                "root",
                "vault"
            ],
            "outputs": {
                "admin_password": {
                    "sensitive": false,
                    "type": "string",
                    "value": "61f32b180fa85dc4aA1!"
                }
            },
            "resources": {
                "azurerm_key_vault.prod": {
                    "type": "azurerm_key_vault",
                    "depends_on": [],
                    "primary": {
                        "id": "/subscriptions/6cdbda82-9a3c-4ce7-b45d-c56734266a27/resourceGroups/smotyka-env2/providers/Microsoft.KeyVault/vaults/terraform-vault-env2",
                        "attributes": {
                            "access_policy.#": "2",
                            "access_policy.0.application_id": "",
                            "access_policy.0.certificate_permissions.#": "0",
                            "access_policy.0.key_permissions.#": "0",
                            "access_policy.0.object_id": "b5455a07-5db0-48da-93d3-83720b2580bd",
                            "access_policy.0.secret_permissions.#": "3",
                            "access_policy.0.secret_permissions.0": "get",
                            "access_policy.0.secret_permissions.1": "list",
                            "access_policy.0.secret_permissions.2": "set",
                            "access_policy.0.tenant_id": "b3e5a293-6975-4239-9637-c963e8d90b7a",
                            "access_policy.1.application_id": "",
                            "access_policy.1.certificate_permissions.#": "0",
                            "access_policy.1.key_permissions.#": "0",
                            "access_policy.1.object_id": "0dc997cf-6c8f-4a04-b8e7-bed943285796",
                            "access_policy.1.secret_permissions.#": "1",
                            "access_policy.1.secret_permissions.0": "get",
                            "access_policy.1.tenant_id": "b3e5a293-6975-4239-9637-c963e8d90b7a",
                            "enabled_for_deployment": "false",
                            "enabled_for_disk_encryption": "true",
                            "enabled_for_template_deployment": "false",
                            "id": "/subscriptions/6cdbda82-9a3c-4ce7-b45d-c56734266a27/resourceGroups/smotyka-env2/providers/Microsoft.KeyVault/vaults/terraform-vault-env2",
                            "location": "westeurope",
                            "name": "terraform-vault-env2",
                            "network_acls.#": "0",
                            "resource_group_name": "smotyka-env2",
                            "sku.#": "1",
                            "sku.0.name": "standard",
                            "tags.%": "0",
                            "tenant_id": "b3e5a293-6975-4239-9637-c963e8d90b7a",
                            "vault_uri": "https://terraform-vault-env2.vault.azure.net/"
                        },
                        "meta": {
                            "schema_version": "1"
                        },
                        "tainted": false
                    },
                    "deposed": [],
                    "provider": "provider.azurerm"
                },
                "azurerm_key_vault_secret.prod": {
                    "type": "azurerm_key_vault_secret",
                    "depends_on": [
                        "azurerm_key_vault.prod",
                        "random_id.server"
                    ],
                    "primary": {
                        "id": "https://terraform-vault-env2.vault.azure.net/secrets/terraform-vm-env2/bf1d64f8681641708215a429e4afe684",
                        "attributes": {
                            "content_type": "",
                            "id": "https://terraform-vault-env2.vault.azure.net/secrets/terraform-vm-env2/bf1d64f8681641708215a429e4afe684",
                            "name": "terraform-vm-env2",
                            "tags.%": "0",
                            "value": "61f32b180fa85dc4aA1!",
                            "vault_uri": "https://terraform-vault-env2.vault.azure.net/",
                            "version": "bf1d64f8681641708215a429e4afe684"
                        },
                        "meta": {},
                        "tainted": false
                    },
                    "deposed": [],
                    "provider": "provider.azurerm"
                },
                "random_id.server": {
                    "type": "random_id",
                    "depends_on": [],
                    "primary": {
                        "id": "YfMrGA-oXcQ",
                        "attributes": {
                            "b64": "YfMrGA-oXcQ",
                            "b64_std": "YfMrGA+oXcQ=",
                            "b64_url": "YfMrGA-oXcQ",
                            "byte_length": "8",
                            "dec": "7058032423361600964",
                            "hex": "61f32b180fa85dc4",
                            "id": "YfMrGA-oXcQ",
                            "keepers.%": "1",
                            "keepers.ami_id": "2"
                        },
                        "meta": {},
                        "tainted": false
                    },
                    "deposed": [],
                    "provider": "provider.random"
                }
            },
            "depends_on": []
        },
        {
            "path": [
                "root",
                "vm"
            ],
            "outputs": {
                "virtual_machine_id": {
                    "sensitive": false,
                    "type": "string",
                    "value": "/subscriptions/6cdbda82-9a3c-4ce7-b45d-c56734266a27/resourceGroups/smotyka-env2/providers/Microsoft.Compute/virtualMachines/smotyka-env2-vm"
                }
            },
            "resources": {},
            "depends_on": []
        },
        {
            "path": [
                "root",
                "vnet"
            ],
            "outputs": {
                "backend_subnet_id": {
                    "sensitive": false,
                    "type": "string",
                    "value": "/subscriptions/6cdbda82-9a3c-4ce7-b45d-c56734266a27/resourceGroups/smotyka-env2/providers/Microsoft.Network/virtualNetworks/smotyka-env2_vnet_env2/subnets/backendsubnet"
                },
                "virtual_network_name": {
                    "sensitive": false,
                    "type": "string",
                    "value": "smotyka-env2_vnet_env2"
                }
            },
            "resources": {},
            "depends_on": []
        }
    ]
}
